
Microsoft Visual Studio Solution File, Format Version 12.00
# Visual Studio Version 17
VisualStudioVersion = 17.1.32328.378
MinimumVisualStudioVersion = 10.0.40219.1
Project("{8BC9CEB8-8B4A-11D0-8D11-00A0C91BC942}") = "220507_Study", "220507_Study.vcxproj", "{3D6A924E-FC11-4D68-9C10-2740C113E114}"
EndProject
Global
	GlobalSection(SolutionConfigurationPlatforms) = preSolution
		Debug|x64 = Debug|x64
		Debug|x86 = Debug|x86
		Release|x64 = Release|x64
		Release|x86 = Release|x86
	EndGlobalSection
	GlobalSection(ProjectConfigurationPlatforms) = postSolution
		{3D6A924E-FC11-4D68-9C10-2740C113E114}.Debug|x64.ActiveCfg = Debug|x64
		{3D6A924E-FC11-4D68-9C10-2740C113E114}.Debug|x64.Build.0 = Debug|x64
		{3D6A924E-FC11-4D68-9C10-2740C113E114}.Debug|x86.ActiveCfg = Debug|Win32
		{3D6A924E-FC11-4D68-9C10-2740C113E114}.Debug|x86.Build.0 = Debug|Win32
		{3D6A924E-FC11-4D68-9C10-2740C113E114}.Release|x64.ActiveCfg = Release|x64
		{3D6A924E-FC11-4D68-9C10-2740C113E114}.Release|x64.Build.0 = Release|x64
		{3D6A924E-FC11-4D68-9C10-2740C113E114}.Release|x86.ActiveCfg = Release|Win32
		{3D6A924E-FC11-4D68-9C10-2740C113E114}.Release|x86.Build.0 = Release|Win32
	EndGlobalSection
	GlobalSection(SolutionProperties) = preSolution
		HideSolutionNode = FALSE
	EndGlobalSection
	GlobalSection(ExtensibilityGlobals) = postSolution
		SolutionGuid = {94C043F1-1EDA-4B97-9274-88B23763483E}
	EndGlobalSection
EndGlobal
